// !$*UTF8*$!
{
	archiveVersion = 1;
	classes = {
	};
	objectVersion = 46;
	objects = {

/* Begin PBXBuildFile section */
		8C5EC4311B4B5BB7000F535C /* AppDelegate.swift in Sources */ = {isa = PBXBuildFile; fileRef = 8C5EC4301B4B5BB7000F535C /* AppDelegate.swift */; };
		8C5EC4331B4B5BB7000F535C /* ViewController.swift in Sources */ = {isa = PBXBuildFile; fileRef = 8C5EC4321B4B5BB7000F535C /* ViewController.swift */; };
		8C5EC4361B4B5BB7000F535C /* Main.storyboard in Resources */ = {isa = PBXBuildFile; fileRef = 8C5EC4341B4B5BB7000F535C /* Main.storyboard */; };
		8C5EC4381B4B5BB7000F535C /* Images.xcassets in Resources */ = {isa = PBXBuildFile; fileRef = 8C5EC4371B4B5BB7000F535C /* Images.xcassets */; };
		8C5EC43B1B4B5BB7000F535C /* LaunchScreen.xib in Resources */ = {isa = PBXBuildFile; fileRef = 8C5EC4391B4B5BB7000F535C /* LaunchScreen.xib */; };
		8C5EC4471B4B5BB7000F535C /* JobsListTests.swift in Sources */ = {isa = PBXBuildFile; fileRef = 8C5EC4461B4B5BB7000F535C /* JobsListTests.swift */; };
/* End PBXBuildFile section */

/* Begin PBXContainerItemProxy section */
		8C5EC4411B4B5BB7000F535C /* PBXContainerItemProxy */ = {
			isa = PBXContainerItemProxy;
			containerPortal = 8C5EC4231B4B5BB6000F535C /* Project object */;
			proxyType = 1;
			remoteGlobalIDString = 8C5EC42A1B4B5BB6000F535C;
			remoteInfo = JobsList;
		};
/* End PBXContainerItemProxy section */

/* Begin PBXFileReference section */
		8C5EC42B1B4B5BB7000F535C /* JobsList.app */ = {isa = PBXFileReference; explicitFileType = wrapper.application; includeInIndex = 0; path = JobsList.app; sourceTree = BUILT_PRODUCTS_DIR; };
		8C5EC42F1B4B5BB7000F535C /* Info.plist */ = {isa = PBXFileReference; lastKnownFileType = text.plist.xml; path = Info.plist; sourceTree = "<group>"; };
		8C5EC4301B4B5BB7000F535C /* AppDelegate.swift */ = {isa = PBXFileReference; lastKnownFileType = sourcecode.swift; path = AppDelegate.swift; sourceTree = "<group>"; };
		8C5EC4321B4B5BB7000F535C /* ViewController.swift */ = {isa = PBXFileReference; lastKnownFileType = sourcecode.swift; path = ViewController.swift; sourceTree = "<group>"; };
		8C5EC4351B4B5BB7000F535C /* Base */ = {isa = PBXFileReference; lastKnownFileType = file.storyboard; name = Base; path = Base.lproj/Main.storyboard; sourceTree = "<group>"; };
		8C5EC4371B4B5BB7000F535C /* Images.xcassets */ = {isa = PBXFileReference; lastKnownFileType = folder.assetcatalog; path = Images.xcassets; sourceTree = "<group>"; };
		8C5EC43A1B4B5BB7000F535C /* Base */ = {isa = PBXFileReference; lastKnownFileType = file.xib; name = Base; path = Base.lproj/LaunchScreen.xib; sourceTree = "<group>"; };
		8C5EC4401B4B5BB7000F535C /* JobsListTests.xctest */ = {isa = PBXFileReference; explicitFileType = wrapper.cfbundle; includeInIndex = 0; path = JobsListTests.xctest; sourceTree = BUILT_PRODUCTS_DIR; };
		8C5EC4451B4B5BB7000F535C /* Info.plist */ = {isa = PBXFileReference; lastKnownFileType = text.plist.xml; path = Info.plist; sourceTree = "<group>"; };
		8C5EC4461B4B5BB7000F535C /* JobsListTests.swift */ = {isa = PBXFileReference; lastKnownFileType = sourcecode.swift; path = JobsListTests.swift; sourceTree = "<group>"; };
/* End PBXFileReference section */

/* Begin PBXFrameworksBuildPhase section */
		8C5EC4281B4B5BB6000F535C /* Frameworks */ = {
			isa = PBXFrameworksBuildPhase;
			buildActionMask = 2147483647;
			files = (
			);
			runOnlyForDeploymentPostprocessing = 0;
		};
		8C5EC43D1B4B5BB7000F535C /* Frameworks */ = {
			isa = PBXFrameworksBuildPhase;
			buildActionMask = 2147483647;
			files = (
			);
			runOnlyForDeploymentPostprocessing = 0;
		};
/* End PBXFrameworksBuildPhase section */

/* Begin PBXGroup section */
		8C5EC4221B4B5BB6000F535C = {
			isa = PBXGroup;
			children = (
				8C5EC42D1B4B5BB7000F535C /* JobsList */,
				8C5EC4431B4B5BB7000F535C /* JobsListTests */,
				8C5EC42C1B4B5BB7000F535C /* Products */,
			);
			sourceTree = "<group>";
		};
		8C5EC42C1B4B5BB7000F535C /* Products */ = {
			isa = PBXGroup;
			children = (
				8C5EC42B1B4B5BB7000F535C /* JobsList.app */,
				8C5EC4401B4B5BB7000F535C /* JobsListTests.xctest */,
			);
			name = Products;
			sourceTree = "<group>";
		};
		8C5EC42D1B4B5BB7000F535C /* JobsList */ = {
			isa = PBXGroup;
			children = (
				8C5EC4301B4B5BB7000F535C /* AppDelegate.swift */,
				8C5EC4321B4B5BB7000F535C /* ViewController.swift */,
				8C5EC4341B4B5BB7000F535C /* Main.storyboard */,
				8C5EC4371B4B5BB7000F535C /* Images.xcassets */,
				8C5EC4391B4B5BB7000F535C /* LaunchScreen.xib */,
				8C5EC42E1B4B5BB7000F535C /* Supporting Files */,
			);
			path = JobsList;
			sourceTree = "<group>";
		};
		8C5EC42E1B4B5BB7000F535C /* Supporting Files */ = {
			isa = PBXGroup;
			children = (
				8C5EC42F1B4B5BB7000F535C /* Info.plist */,
			);
			name = "Supporting Files";
			sourceTree = "<group>";
		};
		8C5EC4431B4B5BB7000F535C /* JobsListTests */ = {
			isa = PBXGroup;
			children = (
				8C5EC4461B4B5BB7000F535C /* JobsListTests.swift */,
				8C5EC4441B4B5BB7000F535C /* Supporting Files */,
			);
			path = JobsListTests;
			sourceTree = "<group>";
		};
		8C5EC4441B4B5BB7000F535C /* Supporting Files */ = {
			isa = PBXGroup;
			children = (
				8C5EC4451B4B5BB7000F535C /* Info.plist */,
			);
			name = "Supporting Files";
			sourceTree = "<group>";
		};
/* End PBXGroup section */

/* Begin PBXNativeTarget section */
		8C5EC42A1B4B5BB6000F535C /* JobsList */ = {
			isa = PBXNativeTarget;
			buildConfigurationList = 8C5EC44A1B4B5BB7000F535C /* Build configuration list for PBXNativeTarget "JobsList" */;
			buildPhases = (
				8C5EC4271B4B5BB6000F535C /* Sources */,
				8C5EC4281B4B5BB6000F535C /* Frameworks */,
				8C5EC4291B4B5BB6000F535C /* Resources */,
			);
			buildRules = (
			);
			dependencies = (
			);
			name = JobsList;
			productName = JobsList;
			productReference = 8C5EC42B1B4B5BB7000F535C /* JobsList.app */;
			productType = "com.apple.product-type.application";
		};
		8C5EC43F1B4B5BB7000F535C /* JobsListTests */ = {
			isa = PBXNativeTarget;
			buildConfigurationList = 8C5EC44D1B4B5BB7000F535C /* Build configuration list for PBXNativeTarget "JobsListTests" */;
			buildPhases = (
				8C5EC43C1B4B5BB7000F535C /* Sources */,
				8C5EC43D1B4B5BB7000F535C /* Frameworks */,
				8C5EC43E1B4B5BB7000F535C /* Resources */,
			);
			buildRules = (
			);
			dependencies = (
				8C5EC4421B4B5BB7000F535C /* PBXTargetDependency */,
			);
			name = JobsListTests;
			productName = JobsListTests;
			productReference = 8C5EC4401B4B5BB7000F535C /* JobsListTests.xctest */;
			productType = "com.apple.product-type.bundle.unit-test";
		};
/* End PBXNativeTarget section */

/* Begin PBXProject section */
		8C5EC4231B4B5BB6000F535C /* Project object */ = {
			isa = PBXProject;
			attributes = {
				LastUpgradeCheck = 0640;
				ORGANIZATIONNAME = "Ricardo Gehrke Filho";
				TargetAttributes = {
					8C5EC42A1B4B5BB6000F535C = {
						CreatedOnToolsVersion = 6.4;
					};
					8C5EC43F1B4B5BB7000F535C = {
						CreatedOnToolsVersion = 6.4;
						TestTargetID = 8C5EC42A1B4B5BB6000F535C;
					};
				};
			};
			buildConfigurationList = 8C5EC4261B4B5BB6000F535C /* Build configuration list for PBXProject "JobsList" */;
			compatibilityVersion = "Xcode 3.2";
			developmentRegion = English;
			hasScannedForEncodings = 0;
			knownRegions = (
				en,
				Base,
			);
			mainGroup = 8C5EC4221B4B5BB6000F535C;
			productRefGroup = 8C5EC42C1B4B5BB7000F535C /* Products */;
			projectDirPath = "";
			projectRoot = "";
			targets = (
				8C5EC42A1B4B5BB6000F535C /* JobsList */,
				8C5EC43F1B4B5BB7000F535C /* JobsListTests */,
			);
		};
/* End PBXProject section */

/* Begin PBXResourcesBuildPhase section */
		8C5EC4291B4B5BB6000F535C /* Resources */ = {
			isa = PBXResourcesBuildPhase;
			buildActionMask = 2147483647;
			files = (
				8C5EC4361B4B5BB7000F535C /* Main.storyboard in Resources */,
				8C5EC43B1B4B5BB7000F535C /* LaunchScreen.xib in Resources */,
				8C5EC4381B4B5BB7000F535C /* Images.xcassets in Resources */,
			);
			runOnlyForDeploymentPostprocessing = 0;
		};
		8C5EC43E1B4B5BB7000F535C /* Resources */ = {
			isa = PBXResourcesBuildPhase;
			buildActionMask = 2147483647;
			files = (
			);
			runOnlyForDeploymentPostprocessing = 0;
		};
/* End PBXResourcesBuildPhase section */

/* Begin PBXSourcesBuildPhase section */
		8C5EC4271B4B5BB6000F535C /* Sources */ = {
			isa = PBXSourcesBuildPhase;
			buildActionMask = 2147483647;
			files = (
				8C5EC4331B4B5BB7000F535C /* ViewController.swift in Sources */,
				8C5EC4311B4B5BB7000F535C /* AppDelegate.swift in Sources */,
			);
			runOnlyForDeploymentPostprocessing = 0;
		};
		8C5EC43C1B4B5BB7000F535C /* Sources */ = {
			isa = PBXSourcesBuildPhase;
			buildActionMask = 2147483647;
			files = (
				8C5EC4471B4B5BB7000F535C /* JobsListTests.swift in Sources */,
			);
			runOnlyForDeploymentPostprocessing = 0;
		};
/* End PBXSourcesBuildPhase section */

/* Begin PBXTargetDependency section */
		8C5EC4421B4B5BB7000F535C /* PBXTargetDependency */ = {
			isa = PBXTargetDependency;
			target = 8C5EC42A1B4B5BB6000F535C /* JobsList */;
			targetProxy = 8C5EC4411B4B5BB7000F535C /* PBXContainerItemProxy */;
		};
/* End PBXTargetDependency section */

/* Begin PBXVariantGroup section */
		8C5EC4341B4B5BB7000F535C /* Main.storyboard */ = {
			isa = PBXVariantGroup;
			children = (
				8C5EC4351B4B5BB7000F535C /* Base */,
			);
			name = Main.storyboard;
			sourceTree = "<group>";
		};
		8C5EC4391B4B5BB7000F535C /* LaunchScreen.xib */ = {
			isa = PBXVariantGroup;
			children = (
				8C5EC43A1B4B5BB7000F535C /* Base */,
			);
			name = LaunchScreen.xib;
			sourceTree = "<group>";
		};
/* End PBXVariantGroup section */

/* Begin XCBuildConfiguration section */
		8C5EC4481B4B5BB7000F535C /* Debug */ = {
			isa = XCBuildConfiguration;
			buildSettings = {
				ALWAYS_SEARCH_USER_PATHS = NO;
				CLANG_CXX_LANGUAGE_STANDARD = "gnu++0x";
				CLANG_CXX_LIBRARY = "libc++";
				CLANG_ENABLE_MODULES = YES;
				CLANG_ENABLE_OBJC_ARC = YES;
				CLANG_WARN_BOOL_CONVERSION = YES;
				CLANG_WARN_CONSTANT_CONVERSION = YES;
				CLANG_WARN_DIRECT_OBJC_ISA_USAGE = YES_ERROR;
				CLANG_WARN_EMPTY_BODY = YES;
				CLANG_WARN_ENUM_CONVERSION = YES;
				CLANG_WARN_INT_CONVERSION = YES;
				CLANG_WARN_OBJC_ROOT_CLASS = YES_ERROR;
				CLANG_WARN_UNREACHABLE_CODE = YES;
				CLANG_WARN__DUPLICATE_METHOD_MATCH = YES;
				"CODE_SIGN_IDENTITY[sdk=iphoneos*]" = "iPhone Developer";
				COPY_PHASE_STRIP = NO;
				DEBUG_INFORMATION_FORMAT = "dwarf-with-dsym";
				ENABLE_STRICT_OBJC_MSGSEND = YES;
				GCC_C_LANGUAGE_STANDARD = gnu99;
				GCC_DYNAMIC_NO_PIC = NO;
				GCC_NO_COMMON_BLOCKS = YES;
				GCC_OPTIMIZATION_LEVEL = 0;
				GCC_PREPROCESSOR_DEFINITIONS = (
					"DEBUG=1",
					"$(inherited)",
				);
				GCC_SYMBOLS_PRIVATE_EXTERN = NO;
				GCC_WARN_64_TO_32_BIT_CONVERSION = YES;
				GCC_WARN_ABOUT_RETURN_TYPE = YES_ERROR;
				GCC_WARN_UNDECLARED_SELECTOR = YES;
				GCC_WARN_UNINITIALIZED_AUTOS = YES_AGGRESSIVE;
				GCC_WARN_UNUSED_FUNCTION = YES;
				GCC_WARN_UNUSED_VARIABLE = YES;
				IPHONEOS_DEPLOYMENT_TARGET = 8.4;
				MTL_ENABLE_DEBUG_INFO = YES;
				ONLY_ACTIVE_ARCH = YES;
				SDKROOT = iphoneos;
				SWIFT_OPTIMIZATION_LEVEL = "-Onone";
				TARGETED_DEVICE_FAMILY = "1,2";
			};
			name = Debug;
		};
		8C5EC4491B4B5BB7000F535C /* Release */ = {
			isa = XCBuildConfiguration;
			buildSettings = {
				ALWAYS_SEARCH_USER_PATHS = NO;
				CLANG_CXX_LANGUAGE_STANDARD = "gnu++0x";
				CLANG_CXX_LIBRARY = "libc++";
				CLANG_ENABLE_MODULES = YES;
				CLANG_ENABLE_OBJC_ARC = YES;
				CLANG_WARN_BOOL_CONVERSION = YES;
				CLANG_WARN_CONSTANT_CONVERSION = YES;
				CLANG_WARN_DIRECT_OBJC_ISA_USAGE = YES_ERROR;
				CLANG_WARN_EMPTY_BODY = YES;
				CLANG_WARN_ENUM_CONVERSION = YES;
				CLANG_WARN_INT_CONVERSION = YES;
				CLANG_WARN_OBJC_ROOT_CLASS = YES_ERROR;
				CLANG_WARN_UNREACHABLE_CODE = YES;
				CLANG_WARN__DUPLICATE_METHOD_MATCH = YES;
				"CODE_SIGN_IDENTITY[sdk=iphoneos*]" = "iPhone Developer";
				COPY_PHASE_STRIP = NO;
				DEBUG_INFORMATION_FORMAT = "dwarf-with-dsym";
				ENABLE_NS_ASSERTIONS = NO;
				ENABLE_STRICT_OBJC_MSGSEND = YES;
				GCC_C_LANGUAGE_STANDARD = gnu99;
				GCC_NO_COMMON_BLOCKS = YES;
				GCC_WARN_64_TO_32_BIT_CONVERSION = YES;
				GCC_WARN_ABOUT_RETURN_TYPE = YES_ERROR;
				GCC_WARN_UNDECLARED_SELECTOR = YES;
				GCC_WARN_UNINITIALIZED_AUTOS = YES_AGGRESSIVE;
				GCC_WARN_UNUSED_FUNCTION = YES;
				GCC_WARN_UNUSED_VARIABLE = YES;
				IPHONEOS_DEPLOYMENT_TARGET = 8.4;
				MTL_ENABLE_DEBUG_INFO = NO;
				SDKROOT = iphoneos;
				TARGETED_DEVICE_FAMILY = "1,2";
				VALIDATE_PRODUCT = YES;
			};
			name = Release;
		};
		8C5EC44B1B4B5BB7000F535C /* Debug */ = {
			isa = XCBuildConfiguration;
			buildSettings = {
				ASSETCATALOG_COMPILER_APPICON_NAME = AppIcon;
				INFOPLIST_FILE = JobsList/Info.plist;
				LD_RUNPATH_SEARCH_PATHS = "$(inherited) @executable_path/Frameworks";
				PRODUCT_NAME = "$(TARGET_NAME)";
			};
			name = Debug;
		};
		8C5EC44C1B4B5BB7000F535C /* Release */ = {
			isa = XCBuildConfiguration;
			buildSettings = {
				ASSETCATALOG_COMPILER_APPICON_NAME = AppIcon;
				INFOPLIST_FILE = JobsList/Info.plist;
				LD_RUNPATH_SEARCH_PATHS = "$(inherited) @executable_path/Frameworks";
				PRODUCT_NAME = "$(TARGET_NAME)";
			};
			name = Release;
		};
		8C5EC44E1B4B5BB7000F535C /* Debug */ = {
			isa = XCBuildConfiguration;
			buildSettings = {
				BUNDLE_LOADER = "$(TEST_HOST)";
				FRAMEWORK_SEARCH_PATHS = (
					"$(SDKROOT)/Developer/Library/Frameworks",
					"$(inherited)",
				);
				GCC_PREPROCESSOR_DEFINITIONS = (
					"DEBUG=1",
					"$(inherited)",
				);
				INFOPLIST_FILE = JobsListTests/Info.plist;
				LD_RUNPATH_SEARCH_PATHS = "$(inherited) @executable_path/Frameworks @loader_path/Frameworks";
				PRODUCT_NAME = "$(TARGET_NAME)";
				TEST_HOST = "$(BUILT_PRODUCTS_DIR)/JobsList.app/JobsList";
			};
			name = Debug;
		};
		8C5EC44F1B4B5BB7000F535C /* Release */ = {
			isa = XCBuildConfiguration;
			buildSettings = {
				BUNDLE_LOADER = "$(TEST_HOST)";
				FRAMEWORK_SEARCH_PATHS = (
					"$(SDKROOT)/Developer/Library/Frameworks",
					"$(inherited)",
				);
				INFOPLIST_FILE = JobsListTests/Info.plist;
				LD_RUNPATH_SEARCH_PATHS = "$(inherited) @executable_path/Frameworks @loader_path/Frameworks";
				PRODUCT_NAME = "$(TARGET_NAME)";
				TEST_HOST = "$(BUILT_PRODUCTS_DIR)/JobsList.app/JobsList";
			};
			name = Release;
		};
/* End XCBuildConfiguration section */

/* Begin XCConfigurationList section */
		8C5EC4261B4B5BB6000F535C /* Build configuration list for PBXProject "JobsList" */ = {
			isa = XCConfigurationList;
			buildConfigurations = (
				8C5EC4481B4B5BB7000F535C /* Debug */,
				8C5EC4491B4B5BB7000F535C /* Release */,
			);
			defaultConfigurationIsVisible = 0;
			defaultConfigurationName = Release;
		};
		8C5EC44A1B4B5BB7000F535C /* Build configuration list for PBXNativeTarget "JobsList" */ = {
			isa = XCConfigurationList;
			buildConfigurations = (
				8C5EC44B1B4B5BB7000F535C /* Debug */,
				8C5EC44C1B4B5BB7000F535C /* Release */,
			);
			defaultConfigurationIsVisible = 0;
		};
		8C5EC44D1B4B5BB7000F535C /* Build configuration list for PBXNativeTarget "JobsListTests" */ = {
			isa = XCConfigurationList;
			buildConfigurations = (
				8C5EC44E1B4B5BB7000F535C /* Debug */,
				8C5EC44F1B4B5BB7000F535C /* Release */,
			);
			defaultConfigurationIsVisible = 0;
		};
/* End XCConfigurationList section */
	};
	rootObject = 8C5EC4231B4B5BB6000F535C /* Project object */;
}
